{
    "_meta": {
        "hash": {
            "sha256": "c941d2e84a3eb3efc8841d53926593363b5d5e676351d6e226efffa8b6bd9581"
        },
        "requires": {},
        "sources": [
            {
                "url": "https://github.com/carlsagan21/hairpin",
                "verify_ssl": true
            }
        ]
    },
    "default": {},
    "develop": {}
}
