{
    "_meta": {
        "hash": {
            "sha256": "97c4dec4f61fd24bf6ecd03b2ada961b5e0bb27feedce5f15e947596550c7ec8"
        },
        "requires": {
            "python_full_version": "3.6.1"
        },
        "sources": [
            {
                "url": "https://github.com/carlsagan21/hairpin",
                "verify_ssl": true
            }
        ]
    },
    "default": {},
    "develop": {}
}
